
Microsoft Visual Studio Solution File, Format Version 12.00
# Visual Studio Version 17
VisualStudioVersion = 17.4.33205.214
MinimumVisualStudioVersion = 10.0.40219.1
Project("{FAE04EC0-301F-11D3-BF4B-00C04F79EFBC}") = "TravelApp.UWP", "TravelApp\TravelApp.UWP\TravelApp.UWP.csproj", "{80184BCE-9469-4E84-A953-961EBE076909}"
EndProject
Project("{FAE04EC0-301F-11D3-BF4B-00C04F79EFBC}") = "TravelApp.Android", "TravelApp\TravelApp.Android\TravelApp.Android.csproj", "{44C1AEA6-02D0-438C-833C-D93342694770}"
EndProject
Project("{FAE04EC0-301F-11D3-BF4B-00C04F79EFBC}") = "TravelApp.iOS", "TravelApp\TravelApp.iOS\TravelApp.iOS.csproj", "{434F03A2-0EFE-45F3-9BE1-8D786606EF7A}"
EndProject
Project("{9A19103F-16F7-4668-BE54-9A1E7A4F7556}") = "TravelApp", "TravelApp\TravelApp\TravelApp.csproj", "{BAF77F80-637C-4B8C-A19A-52E5D2A31A61}"
EndProject
Project("{2150E333-8FDC-42A3-9474-1A3956D46DE8}") = "Images", "Images", "{8210F70B-660A-41E8-8D01-8D275A780DEE}"
	ProjectSection(SolutionItems) = preProject
		TravelApp\DetailPage.png = TravelApp\DetailPage.png
		TravelApp\HomePage.png = TravelApp\HomePage.png
	EndProjectSection
EndProject
Global
	GlobalSection(SolutionConfigurationPlatforms) = preSolution
		Debug|Any CPU = Debug|Any CPU
		Debug|ARM = Debug|ARM
		Debug|iPhone = Debug|iPhone
		Debug|iPhoneSimulator = Debug|iPhoneSimulator
		Debug|x64 = Debug|x64
		Debug|x86 = Debug|x86
		Release|Any CPU = Release|Any CPU
		Release|ARM = Release|ARM
		Release|iPhone = Release|iPhone
		Release|iPhoneSimulator = Release|iPhoneSimulator
		Release|x64 = Release|x64
		Release|x86 = Release|x86
	EndGlobalSection
	GlobalSection(ProjectConfigurationPlatforms) = postSolution
		{80184BCE-9469-4E84-A953-961EBE076909}.Debug|Any CPU.ActiveCfg = Debug|x64
		{80184BCE-9469-4E84-A953-961EBE076909}.Debug|Any CPU.Build.0 = Debug|x64
		{80184BCE-9469-4E84-A953-961EBE076909}.Debug|Any CPU.Deploy.0 = Debug|x64
		{80184BCE-9469-4E84-A953-961EBE076909}.Debug|ARM.ActiveCfg = Debug|ARM
		{80184BCE-9469-4E84-A953-961EBE076909}.Debug|ARM.Build.0 = Debug|ARM
		{80184BCE-9469-4E84-A953-961EBE076909}.Debug|ARM.Deploy.0 = Debug|ARM
		{80184BCE-9469-4E84-A953-961EBE076909}.Debug|iPhone.ActiveCfg = Debug|x64
		{80184BCE-9469-4E84-A953-961EBE076909}.Debug|iPhone.Build.0 = Debug|x64
		{80184BCE-9469-4E84-A953-961EBE076909}.Debug|iPhone.Deploy.0 = Debug|x64
		{80184BCE-9469-4E84-A953-961EBE076909}.Debug|iPhoneSimulator.ActiveCfg = Debug|x64
		{80184BCE-9469-4E84-A953-961EBE076909}.Debug|iPhoneSimulator.Build.0 = Debug|x64
		{80184BCE-9469-4E84-A953-961EBE076909}.Debug|iPhoneSimulator.Deploy.0 = Debug|x64
		{80184BCE-9469-4E84-A953-961EBE076909}.Debug|x64.ActiveCfg = Debug|x64
		{80184BCE-9469-4E84-A953-961EBE076909}.Debug|x64.Build.0 = Debug|x64
		{80184BCE-9469-4E84-A953-961EBE076909}.Debug|x64.Deploy.0 = Debug|x64
		{80184BCE-9469-4E84-A953-961EBE076909}.Debug|x86.ActiveCfg = Debug|x86
		{80184BCE-9469-4E84-A953-961EBE076909}.Debug|x86.Build.0 = Debug|x86
		{80184BCE-9469-4E84-A953-961EBE076909}.Debug|x86.Deploy.0 = Debug|x86
		{80184BCE-9469-4E84-A953-961EBE076909}.Release|Any CPU.ActiveCfg = Release|x64
		{80184BCE-9469-4E84-A953-961EBE076909}.Release|Any CPU.Build.0 = Release|x64
		{80184BCE-9469-4E84-A953-961EBE076909}.Release|Any CPU.Deploy.0 = Release|x64
		{80184BCE-9469-4E84-A953-961EBE076909}.Release|ARM.ActiveCfg = Release|ARM
		{80184BCE-9469-4E84-A953-961EBE076909}.Release|ARM.Build.0 = Release|ARM
		{80184BCE-9469-4E84-A953-961EBE076909}.Release|ARM.Deploy.0 = Release|ARM
		{80184BCE-9469-4E84-A953-961EBE076909}.Release|iPhone.ActiveCfg = Release|x64
		{80184BCE-9469-4E84-A953-961EBE076909}.Release|iPhone.Build.0 = Release|x64
		{80184BCE-9469-4E84-A953-961EBE076909}.Release|iPhone.Deploy.0 = Release|x64
		{80184BCE-9469-4E84-A953-961EBE076909}.Release|iPhoneSimulator.ActiveCfg = Release|x64
		{80184BCE-9469-4E84-A953-961EBE076909}.Release|iPhoneSimulator.Build.0 = Release|x64
		{80184BCE-9469-4E84-A953-961EBE076909}.Release|iPhoneSimulator.Deploy.0 = Release|x64
		{80184BCE-9469-4E84-A953-961EBE076909}.Release|x64.ActiveCfg = Release|x64
		{80184BCE-9469-4E84-A953-961EBE076909}.Release|x64.Build.0 = Release|x64
		{80184BCE-9469-4E84-A953-961EBE076909}.Release|x64.Deploy.0 = Release|x64
		{80184BCE-9469-4E84-A953-961EBE076909}.Release|x86.ActiveCfg = Release|x86
		{80184BCE-9469-4E84-A953-961EBE076909}.Release|x86.Build.0 = Release|x86
		{80184BCE-9469-4E84-A953-961EBE076909}.Release|x86.Deploy.0 = Release|x86
		{44C1AEA6-02D0-438C-833C-D93342694770}.Debug|Any CPU.ActiveCfg = Debug|Any CPU
		{44C1AEA6-02D0-438C-833C-D93342694770}.Debug|Any CPU.Build.0 = Debug|Any CPU
		{44C1AEA6-02D0-438C-833C-D93342694770}.Debug|Any CPU.Deploy.0 = Debug|Any CPU
		{44C1AEA6-02D0-438C-833C-D93342694770}.Debug|ARM.ActiveCfg = Debug|Any CPU
		{44C1AEA6-02D0-438C-833C-D93342694770}.Debug|ARM.Build.0 = Debug|Any CPU
		{44C1AEA6-02D0-438C-833C-D93342694770}.Debug|ARM.Deploy.0 = Debug|Any CPU
		{44C1AEA6-02D0-438C-833C-D93342694770}.Debug|iPhone.ActiveCfg = Debug|Any CPU
		{44C1AEA6-02D0-438C-833C-D93342694770}.Debug|iPhone.Build.0 = Debug|Any CPU
		{44C1AEA6-02D0-438C-833C-D93342694770}.Debug|iPhone.Deploy.0 = Debug|Any CPU
		{44C1AEA6-02D0-438C-833C-D93342694770}.Debug|iPhoneSimulator.ActiveCfg = Debug|Any CPU
		{44C1AEA6-02D0-438C-833C-D93342694770}.Debug|iPhoneSimulator.Build.0 = Debug|Any CPU
		{44C1AEA6-02D0-438C-833C-D93342694770}.Debug|iPhoneSimulator.Deploy.0 = Debug|Any CPU
		{44C1AEA6-02D0-438C-833C-D93342694770}.Debug|x64.ActiveCfg = Debug|Any CPU
		{44C1AEA6-02D0-438C-833C-D93342694770}.Debug|x64.Build.0 = Debug|Any CPU
		{44C1AEA6-02D0-438C-833C-D93342694770}.Debug|x64.Deploy.0 = Debug|Any CPU
		{44C1AEA6-02D0-438C-833C-D93342694770}.Debug|x86.ActiveCfg = Debug|Any CPU
		{44C1AEA6-02D0-438C-833C-D93342694770}.Debug|x86.Build.0 = Debug|Any CPU
		{44C1AEA6-02D0-438C-833C-D93342694770}.Debug|x86.Deploy.0 = Debug|Any CPU
		{44C1AEA6-02D0-438C-833C-D93342694770}.Release|Any CPU.ActiveCfg = Release|Any CPU
		{44C1AEA6-02D0-438C-833C-D93342694770}.Release|Any CPU.Build.0 = Release|Any CPU
		{44C1AEA6-02D0-438C-833C-D93342694770}.Release|Any CPU.Deploy.0 = Release|Any CPU
		{44C1AEA6-02D0-438C-833C-D93342694770}.Release|ARM.ActiveCfg = Release|Any CPU
		{44C1AEA6-02D0-438C-833C-D93342694770}.Release|ARM.Build.0 = Release|Any CPU
		{44C1AEA6-02D0-438C-833C-D93342694770}.Release|ARM.Deploy.0 = Release|Any CPU
		{44C1AEA6-02D0-438C-833C-D93342694770}.Release|iPhone.ActiveCfg = Release|Any CPU
		{44C1AEA6-02D0-438C-833C-D93342694770}.Release|iPhone.Build.0 = Release|Any CPU
		{44C1AEA6-02D0-438C-833C-D93342694770}.Release|iPhone.Deploy.0 = Release|Any CPU
		{44C1AEA6-02D0-438C-833C-D93342694770}.Release|iPhoneSimulator.ActiveCfg = Release|Any CPU
		{44C1AEA6-02D0-438C-833C-D93342694770}.Release|iPhoneSimulator.Build.0 = Release|Any CPU
		{44C1AEA6-02D0-438C-833C-D93342694770}.Release|iPhoneSimulator.Deploy.0 = Release|Any CPU
		{44C1AEA6-02D0-438C-833C-D93342694770}.Release|x64.ActiveCfg = Release|Any CPU
		{44C1AEA6-02D0-438C-833C-D93342694770}.Release|x64.Build.0 = Release|Any CPU
		{44C1AEA6-02D0-438C-833C-D93342694770}.Release|x64.Deploy.0 = Release|Any CPU
		{44C1AEA6-02D0-438C-833C-D93342694770}.Release|x86.ActiveCfg = Release|Any CPU
		{44C1AEA6-02D0-438C-833C-D93342694770}.Release|x86.Build.0 = Release|Any CPU
		{44C1AEA6-02D0-438C-833C-D93342694770}.Release|x86.Deploy.0 = Release|Any CPU
		{434F03A2-0EFE-45F3-9BE1-8D786606EF7A}.Debug|Any CPU.ActiveCfg = Debug|iPhoneSimulator
		{434F03A2-0EFE-45F3-9BE1-8D786606EF7A}.Debug|Any CPU.Build.0 = Debug|iPhoneSimulator
		{434F03A2-0EFE-45F3-9BE1-8D786606EF7A}.Debug|Any CPU.Deploy.0 = Debug|iPhoneSimulator
		{434F03A2-0EFE-45F3-9BE1-8D786606EF7A}.Debug|ARM.ActiveCfg = Debug|iPhoneSimulator
		{434F03A2-0EFE-45F3-9BE1-8D786606EF7A}.Debug|ARM.Build.0 = Debug|iPhoneSimulator
		{434F03A2-0EFE-45F3-9BE1-8D786606EF7A}.Debug|ARM.Deploy.0 = Debug|iPhoneSimulator
		{434F03A2-0EFE-45F3-9BE1-8D786606EF7A}.Debug|iPhone.ActiveCfg = Debug|iPhone
		{434F03A2-0EFE-45F3-9BE1-8D786606EF7A}.Debug|iPhone.Build.0 = Debug|iPhone
		{434F03A2-0EFE-45F3-9BE1-8D786606EF7A}.Debug|iPhone.Deploy.0 = Debug|iPhone
		{434F03A2-0EFE-45F3-9BE1-8D786606EF7A}.Debug|iPhoneSimulator.ActiveCfg = Debug|iPhoneSimulator
		{434F03A2-0EFE-45F3-9BE1-8D786606EF7A}.Debug|iPhoneSimulator.Build.0 = Debug|iPhoneSimulator
		{434F03A2-0EFE-45F3-9BE1-8D786606EF7A}.Debug|iPhoneSimulator.Deploy.0 = Debug|iPhoneSimulator
		{434F03A2-0EFE-45F3-9BE1-8D786606EF7A}.Debug|x64.ActiveCfg = Debug|iPhone
		{434F03A2-0EFE-45F3-9BE1-8D786606EF7A}.Debug|x64.Build.0 = Debug|iPhone
		{434F03A2-0EFE-45F3-9BE1-8D786606EF7A}.Debug|x64.Deploy.0 = Debug|iPhone
		{434F03A2-0EFE-45F3-9BE1-8D786606EF7A}.Debug|x86.ActiveCfg = Debug|iPhoneSimulator
		{434F03A2-0EFE-45F3-9BE1-8D786606EF7A}.Debug|x86.Build.0 = Debug|iPhoneSimulator
		{434F03A2-0EFE-45F3-9BE1-8D786606EF7A}.Debug|x86.Deploy.0 = Debug|iPhoneSimulator
		{434F03A2-0EFE-45F3-9BE1-8D786606EF7A}.Release|Any CPU.ActiveCfg = Release|iPhoneSimulator
		{434F03A2-0EFE-45F3-9BE1-8D786606EF7A}.Release|Any CPU.Build.0 = Release|iPhoneSimulator
		{434F03A2-0EFE-45F3-9BE1-8D786606EF7A}.Release|Any CPU.Deploy.0 = Release|iPhoneSimulator
		{434F03A2-0EFE-45F3-9BE1-8D786606EF7A}.Release|ARM.ActiveCfg = Release|iPhoneSimulator
		{434F03A2-0EFE-45F3-9BE1-8D786606EF7A}.Release|ARM.Build.0 = Release|iPhoneSimulator
		{434F03A2-0EFE-45F3-9BE1-8D786606EF7A}.Release|ARM.Deploy.0 = Release|iPhoneSimulator
		{434F03A2-0EFE-45F3-9BE1-8D786606EF7A}.Release|iPhone.ActiveCfg = Release|iPhone
		{434F03A2-0EFE-45F3-9BE1-8D786606EF7A}.Release|iPhone.Build.0 = Release|iPhone
		{434F03A2-0EFE-45F3-9BE1-8D786606EF7A}.Release|iPhone.Deploy.0 = Release|iPhone
		{434F03A2-0EFE-45F3-9BE1-8D786606EF7A}.Release|iPhoneSimulator.ActiveCfg = Release|iPhoneSimulator
		{434F03A2-0EFE-45F3-9BE1-8D786606EF7A}.Release|iPhoneSimulator.Build.0 = Release|iPhoneSimulator
		{434F03A2-0EFE-45F3-9BE1-8D786606EF7A}.Release|iPhoneSimulator.Deploy.0 = Release|iPhoneSimulator
		{434F03A2-0EFE-45F3-9BE1-8D786606EF7A}.Release|x64.ActiveCfg = Release|iPhoneSimulator
		{434F03A2-0EFE-45F3-9BE1-8D786606EF7A}.Release|x64.Build.0 = Release|iPhoneSimulator
		{434F03A2-0EFE-45F3-9BE1-8D786606EF7A}.Release|x64.Deploy.0 = Release|iPhoneSimulator
		{434F03A2-0EFE-45F3-9BE1-8D786606EF7A}.Release|x86.ActiveCfg = Release|iPhoneSimulator
		{434F03A2-0EFE-45F3-9BE1-8D786606EF7A}.Release|x86.Build.0 = Release|iPhoneSimulator
		{434F03A2-0EFE-45F3-9BE1-8D786606EF7A}.Release|x86.Deploy.0 = Release|iPhoneSimulator
		{BAF77F80-637C-4B8C-A19A-52E5D2A31A61}.Debug|Any CPU.ActiveCfg = Debug|Any CPU
		{BAF77F80-637C-4B8C-A19A-52E5D2A31A61}.Debug|Any CPU.Build.0 = Debug|Any CPU
		{BAF77F80-637C-4B8C-A19A-52E5D2A31A61}.Debug|Any CPU.Deploy.0 = Debug|Any CPU
		{BAF77F80-637C-4B8C-A19A-52E5D2A31A61}.Debug|ARM.ActiveCfg = Debug|Any CPU
		{BAF77F80-637C-4B8C-A19A-52E5D2A31A61}.Debug|ARM.Build.0 = Debug|Any CPU
		{BAF77F80-637C-4B8C-A19A-52E5D2A31A61}.Debug|ARM.Deploy.0 = Debug|Any CPU
		{BAF77F80-637C-4B8C-A19A-52E5D2A31A61}.Debug|iPhone.ActiveCfg = Debug|Any CPU
		{BAF77F80-637C-4B8C-A19A-52E5D2A31A61}.Debug|iPhone.Build.0 = Debug|Any CPU
		{BAF77F80-637C-4B8C-A19A-52E5D2A31A61}.Debug|iPhone.Deploy.0 = Debug|Any CPU
		{BAF77F80-637C-4B8C-A19A-52E5D2A31A61}.Debug|iPhoneSimulator.ActiveCfg = Debug|Any CPU
		{BAF77F80-637C-4B8C-A19A-52E5D2A31A61}.Debug|iPhoneSimulator.Build.0 = Debug|Any CPU
		{BAF77F80-637C-4B8C-A19A-52E5D2A31A61}.Debug|iPhoneSimulator.Deploy.0 = Debug|Any CPU
		{BAF77F80-637C-4B8C-A19A-52E5D2A31A61}.Debug|x64.ActiveCfg = Debug|Any CPU
		{BAF77F80-637C-4B8C-A19A-52E5D2A31A61}.Debug|x64.Build.0 = Debug|Any CPU
		{BAF77F80-637C-4B8C-A19A-52E5D2A31A61}.Debug|x64.Deploy.0 = Debug|Any CPU
		{BAF77F80-637C-4B8C-A19A-52E5D2A31A61}.Debug|x86.ActiveCfg = Debug|Any CPU
		{BAF77F80-637C-4B8C-A19A-52E5D2A31A61}.Debug|x86.Build.0 = Debug|Any CPU
		{BAF77F80-637C-4B8C-A19A-52E5D2A31A61}.Debug|x86.Deploy.0 = Debug|Any CPU
		{BAF77F80-637C-4B8C-A19A-52E5D2A31A61}.Release|Any CPU.ActiveCfg = Release|Any CPU
		{BAF77F80-637C-4B8C-A19A-52E5D2A31A61}.Release|Any CPU.Build.0 = Release|Any CPU
		{BAF77F80-637C-4B8C-A19A-52E5D2A31A61}.Release|Any CPU.Deploy.0 = Release|Any CPU
		{BAF77F80-637C-4B8C-A19A-52E5D2A31A61}.Release|ARM.ActiveCfg = Release|Any CPU
		{BAF77F80-637C-4B8C-A19A-52E5D2A31A61}.Release|ARM.Build.0 = Release|Any CPU
		{BAF77F80-637C-4B8C-A19A-52E5D2A31A61}.Release|ARM.Deploy.0 = Release|Any CPU
		{BAF77F80-637C-4B8C-A19A-52E5D2A31A61}.Release|iPhone.ActiveCfg = Release|Any CPU
		{BAF77F80-637C-4B8C-A19A-52E5D2A31A61}.Release|iPhone.Build.0 = Release|Any CPU
		{BAF77F80-637C-4B8C-A19A-52E5D2A31A61}.Release|iPhone.Deploy.0 = Release|Any CPU
		{BAF77F80-637C-4B8C-A19A-52E5D2A31A61}.Release|iPhoneSimulator.ActiveCfg = Release|Any CPU
		{BAF77F80-637C-4B8C-A19A-52E5D2A31A61}.Release|iPhoneSimulator.Build.0 = Release|Any CPU
		{BAF77F80-637C-4B8C-A19A-52E5D2A31A61}.Release|iPhoneSimulator.Deploy.0 = Release|Any CPU
		{BAF77F80-637C-4B8C-A19A-52E5D2A31A61}.Release|x64.ActiveCfg = Release|Any CPU
		{BAF77F80-637C-4B8C-A19A-52E5D2A31A61}.Release|x64.Build.0 = Release|Any CPU
		{BAF77F80-637C-4B8C-A19A-52E5D2A31A61}.Release|x64.Deploy.0 = Release|Any CPU
		{BAF77F80-637C-4B8C-A19A-52E5D2A31A61}.Release|x86.ActiveCfg = Release|Any CPU
		{BAF77F80-637C-4B8C-A19A-52E5D2A31A61}.Release|x86.Build.0 = Release|Any CPU
		{BAF77F80-637C-4B8C-A19A-52E5D2A31A61}.Release|x86.Deploy.0 = Release|Any CPU
	EndGlobalSection
	GlobalSection(SolutionProperties) = preSolution
		HideSolutionNode = FALSE
	EndGlobalSection
	GlobalSection(ExtensibilityGlobals) = postSolution
		SolutionGuid = {FFAD33DE-5809-42B7-BCCE-4A19404BA0BD}
	EndGlobalSection
EndGlobal
